// !$*UTF8*$!
{
	archiveVersion = 1;
	classes = {
	};
	objectVersion = 50;
	objects = {

/* Begin PBXBuildFile section */
		A95CAC1B20A6799700F01C5F /* main.cpp in Sources */ = {isa = PBXBuildFile; fileRef = A95CAC1A20A6799700F01C5F /* main.cpp */; };
		A95CAC2A20A679CE00F01C5F /* Test.cpp in Sources */ = {isa = PBXBuildFile; fileRef = A95CAC2220A679CD00F01C5F /* Test.cpp */; };
		A95CAC2B20A679CE00F01C5F /* TestResult.cpp in Sources */ = {isa = PBXBuildFile; fileRef = A95CAC2520A679CD00F01C5F /* TestResult.cpp */; };
		A95CAC2C20A679CE00F01C5F /* Failure.cpp in Sources */ = {isa = PBXBuildFile; fileRef = A95CAC2720A679CD00F01C5F /* Failure.cpp */; };
		A95CAC2D20A679CE00F01C5F /* TestRegistry.cpp in Sources */ = {isa = PBXBuildFile; fileRef = A95CAC2920A679CE00F01C5F /* TestRegistry.cpp */; };
		A95CAC3320A67D9400F01C5F /* ParensTest.cpp in Sources */ = {isa = PBXBuildFile; fileRef = A95CAC3220A67D9400F01C5F /* ParensTest.cpp */; };
/* End PBXBuildFile section */

/* Begin PBXCopyFilesBuildPhase section */
		A95CAC1520A6799700F01C5F /* CopyFiles */ = {
			isa = PBXCopyFilesBuildPhase;
			buildActionMask = 2147483647;
			dstPath = /usr/share/man/man1/;
			dstSubfolderSpec = 0;
			files = (
			);
			runOnlyForDeploymentPostprocessing = 1;
		};
/* End PBXCopyFilesBuildPhase section */

/* Begin PBXFileReference section */
		A95CAC1720A6799700F01C5F /* EWeek3 */ = {isa = PBXFileReference; explicitFileType = "compiled.mach-o.executable"; includeInIndex = 0; path = EWeek3; sourceTree = BUILT_PRODUCTS_DIR; };
		A95CAC1A20A6799700F01C5F /* main.cpp */ = {isa = PBXFileReference; lastKnownFileType = sourcecode.cpp.cpp; path = main.cpp; sourceTree = "<group>"; };
		A95CAC2120A679CC00F01C5F /* Failure.h */ = {isa = PBXFileReference; fileEncoding = 4; lastKnownFileType = sourcecode.c.h; path = Failure.h; sourceTree = "<group>"; };
		A95CAC2220A679CD00F01C5F /* Test.cpp */ = {isa = PBXFileReference; fileEncoding = 4; lastKnownFileType = sourcecode.cpp.cpp; path = Test.cpp; sourceTree = "<group>"; };
		A95CAC2320A679CD00F01C5F /* TestHarness.h */ = {isa = PBXFileReference; fileEncoding = 4; lastKnownFileType = sourcecode.c.h; path = TestHarness.h; sourceTree = "<group>"; };
		A95CAC2420A679CD00F01C5F /* TestRegistry.h */ = {isa = PBXFileReference; fileEncoding = 4; lastKnownFileType = sourcecode.c.h; path = TestRegistry.h; sourceTree = "<group>"; };
		A95CAC2520A679CD00F01C5F /* TestResult.cpp */ = {isa = PBXFileReference; fileEncoding = 4; lastKnownFileType = sourcecode.cpp.cpp; path = TestResult.cpp; sourceTree = "<group>"; };
		A95CAC2620A679CD00F01C5F /* TestResult.h */ = {isa = PBXFileReference; fileEncoding = 4; lastKnownFileType = sourcecode.c.h; path = TestResult.h; sourceTree = "<group>"; };
		A95CAC2720A679CD00F01C5F /* Failure.cpp */ = {isa = PBXFileReference; fileEncoding = 4; lastKnownFileType = sourcecode.cpp.cpp; path = Failure.cpp; sourceTree = "<group>"; };
		A95CAC2820A679CD00F01C5F /* Test.h */ = {isa = PBXFileReference; fileEncoding = 4; lastKnownFileType = sourcecode.c.h; path = Test.h; sourceTree = "<group>"; };
		A95CAC2920A679CE00F01C5F /* TestRegistry.cpp */ = {isa = PBXFileReference; fileEncoding = 4; lastKnownFileType = sourcecode.cpp.cpp; path = TestRegistry.cpp; sourceTree = "<group>"; };
		A95CAC3020A67A1700F01C5F /* Parens.hpp */ = {isa = PBXFileReference; lastKnownFileType = sourcecode.cpp.h; path = Parens.hpp; sourceTree = "<group>"; };
		A95CAC3220A67D9400F01C5F /* ParensTest.cpp */ = {isa = PBXFileReference; lastKnownFileType = sourcecode.cpp.cpp; path = ParensTest.cpp; sourceTree = "<group>"; };
/* End PBXFileReference section */

/* Begin PBXFrameworksBuildPhase section */
		A95CAC1420A6799700F01C5F /* Frameworks */ = {
			isa = PBXFrameworksBuildPhase;
			buildActionMask = 2147483647;
			files = (
			);
			runOnlyForDeploymentPostprocessing = 0;
		};
/* End PBXFrameworksBuildPhase section */

/* Begin PBXGroup section */
		A95CAC0E20A6799700F01C5F = {
			isa = PBXGroup;
			children = (
				A95CAC1920A6799700F01C5F /* EWeek3 */,
				A95CAC1820A6799700F01C5F /* Products */,
			);
			sourceTree = "<group>";
		};
		A95CAC1820A6799700F01C5F /* Products */ = {
			isa = PBXGroup;
			children = (
				A95CAC1720A6799700F01C5F /* EWeek3 */,
			);
			name = Products;
			sourceTree = "<group>";
		};
		A95CAC1920A6799700F01C5F /* EWeek3 */ = {
			isa = PBXGroup;
			children = (
				A95CAC2720A679CD00F01C5F /* Failure.cpp */,
				A95CAC2120A679CC00F01C5F /* Failure.h */,
				A95CAC2220A679CD00F01C5F /* Test.cpp */,
				A95CAC2820A679CD00F01C5F /* Test.h */,
				A95CAC2320A679CD00F01C5F /* TestHarness.h */,
				A95CAC2920A679CE00F01C5F /* TestRegistry.cpp */,
				A95CAC2420A679CD00F01C5F /* TestRegistry.h */,
				A95CAC2520A679CD00F01C5F /* TestResult.cpp */,
				A95CAC2620A679CD00F01C5F /* TestResult.h */,
				A95CAC1A20A6799700F01C5F /* main.cpp */,
				A95CAC3020A67A1700F01C5F /* Parens.hpp */,
				A95CAC3220A67D9400F01C5F /* ParensTest.cpp */,
			);
			path = EWeek3;
			sourceTree = "<group>";
		};
/* End PBXGroup section */

/* Begin PBXNativeTarget section */
		A95CAC1620A6799700F01C5F /* EWeek3 */ = {
			isa = PBXNativeTarget;
			buildConfigurationList = A95CAC1E20A6799700F01C5F /* Build configuration list for PBXNativeTarget "EWeek3" */;
			buildPhases = (
				A95CAC1320A6799700F01C5F /* Sources */,
				A95CAC1420A6799700F01C5F /* Frameworks */,
				A95CAC1520A6799700F01C5F /* CopyFiles */,
			);
			buildRules = (
			);
			dependencies = (
			);
			name = EWeek3;
			productName = EWeek3;
			productReference = A95CAC1720A6799700F01C5F /* EWeek3 */;
			productType = "com.apple.product-type.tool";
		};
/* End PBXNativeTarget section */

/* Begin PBXProject section */
		A95CAC0F20A6799700F01C5F /* Project object */ = {
			isa = PBXProject;
			attributes = {
				LastUpgradeCheck = 0930;
				ORGANIZATIONNAME = "Clayton Wong";
				TargetAttributes = {
					A95CAC1620A6799700F01C5F = {
						CreatedOnToolsVersion = 9.3;
					};
				};
			};
			buildConfigurationList = A95CAC1220A6799700F01C5F /* Build configuration list for PBXProject "EWeek3" */;
			compatibilityVersion = "Xcode 9.3";
			developmentRegion = en;
			hasScannedForEncodings = 0;
			knownRegions = (
				en,
			);
			mainGroup = A95CAC0E20A6799700F01C5F;
			productRefGroup = A95CAC1820A6799700F01C5F /* Products */;
			projectDirPath = "";
			projectRoot = "";
			targets = (
				A95CAC1620A6799700F01C5F /* EWeek3 */,
			);
		};
/* End PBXProject section */

/* Begin PBXSourcesBuildPhase section */
		A95CAC1320A6799700F01C5F /* Sources */ = {
			isa = PBXSourcesBuildPhase;
			buildActionMask = 2147483647;
			files = (
				A95CAC2C20A679CE00F01C5F /* Failure.cpp in Sources */,
				A95CAC2B20A679CE00F01C5F /* TestResult.cpp in Sources */,
				A95CAC1B20A6799700F01C5F /* main.cpp in Sources */,
				A95CAC2D20A679CE00F01C5F /* TestRegistry.cpp in Sources */,
				A95CAC3320A67D9400F01C5F /* ParensTest.cpp in Sources */,
				A95CAC2A20A679CE00F01C5F /* Test.cpp in Sources */,
			);
			runOnlyForDeploymentPostprocessing = 0;
		};
/* End PBXSourcesBuildPhase section */

/* Begin XCBuildConfiguration section */
		A95CAC1C20A6799700F01C5F /* Debug */ = {
			isa = XCBuildConfiguration;
			buildSettings = {
				ALWAYS_SEARCH_USER_PATHS = NO;
				CLANG_ANALYZER_NONNULL = YES;
				CLANG_ANALYZER_NUMBER_OBJECT_CONVERSION = YES_AGGRESSIVE;
				CLANG_CXX_LANGUAGE_STANDARD = "gnu++14";
				CLANG_CXX_LIBRARY = "libc++";
				CLANG_ENABLE_MODULES = YES;
				CLANG_ENABLE_OBJC_ARC = YES;
				CLANG_ENABLE_OBJC_WEAK = YES;
				CLANG_WARN_BLOCK_CAPTURE_AUTORELEASING = YES;
				CLANG_WARN_BOOL_CONVERSION = YES;
				CLANG_WARN_COMMA = YES;
				CLANG_WARN_CONSTANT_CONVERSION = YES;
				CLANG_WARN_DEPRECATED_OBJC_IMPLEMENTATIONS = YES;
				CLANG_WARN_DIRECT_OBJC_ISA_USAGE = YES_ERROR;
				CLANG_WARN_DOCUMENTATION_COMMENTS = YES;
				CLANG_WARN_EMPTY_BODY = YES;
				CLANG_WARN_ENUM_CONVERSION = YES;
				CLANG_WARN_INFINITE_RECURSION = YES;
				CLANG_WARN_INT_CONVERSION = YES;
				CLANG_WARN_NON_LITERAL_NULL_CONVERSION = YES;
				CLANG_WARN_OBJC_IMPLICIT_RETAIN_SELF = YES;
				CLANG_WARN_OBJC_LITERAL_CONVERSION = YES;
				CLANG_WARN_OBJC_ROOT_CLASS = YES_ERROR;
				CLANG_WARN_RANGE_LOOP_ANALYSIS = YES;
				CLANG_WARN_STRICT_PROTOTYPES = YES;
				CLANG_WARN_SUSPICIOUS_MOVE = YES;
				CLANG_WARN_UNGUARDED_AVAILABILITY = YES_AGGRESSIVE;
				CLANG_WARN_UNREACHABLE_CODE = YES;
				CLANG_WARN__DUPLICATE_METHOD_MATCH = YES;
				CODE_SIGN_IDENTITY = "-";
				COPY_PHASE_STRIP = NO;
				DEBUG_INFORMATION_FORMAT = dwarf;
				ENABLE_STRICT_OBJC_MSGSEND = YES;
				ENABLE_TESTABILITY = YES;
				GCC_C_LANGUAGE_STANDARD = gnu11;
				GCC_DYNAMIC_NO_PIC = NO;
				GCC_NO_COMMON_BLOCKS = YES;
				GCC_OPTIMIZATION_LEVEL = 0;
				GCC_PREPROCESSOR_DEFINITIONS = (
					"DEBUG=1",
					"$(inherited)",
				);
				GCC_WARN_64_TO_32_BIT_CONVERSION = YES;
				GCC_WARN_ABOUT_RETURN_TYPE = YES_ERROR;
				GCC_WARN_UNDECLARED_SELECTOR = YES;
				GCC_WARN_UNINITIALIZED_AUTOS = YES_AGGRESSIVE;
				GCC_WARN_UNUSED_FUNCTION = YES;
				GCC_WARN_UNUSED_VARIABLE = YES;
				MACOSX_DEPLOYMENT_TARGET = 10.13;
				MTL_ENABLE_DEBUG_INFO = YES;
				ONLY_ACTIVE_ARCH = YES;
				SDKROOT = macosx;
			};
			name = Debug;
		};
		A95CAC1D20A6799700F01C5F /* Release */ = {
			isa = XCBuildConfiguration;
			buildSettings = {
				ALWAYS_SEARCH_USER_PATHS = NO;
				CLANG_ANALYZER_NONNULL = YES;
				CLANG_ANALYZER_NUMBER_OBJECT_CONVERSION = YES_AGGRESSIVE;
				CLANG_CXX_LANGUAGE_STANDARD = "gnu++14";
				CLANG_CXX_LIBRARY = "libc++";
				CLANG_ENABLE_MODULES = YES;
				CLANG_ENABLE_OBJC_ARC = YES;
				CLANG_ENABLE_OBJC_WEAK = YES;
				CLANG_WARN_BLOCK_CAPTURE_AUTORELEASING = YES;
				CLANG_WARN_BOOL_CONVERSION = YES;
				CLANG_WARN_COMMA = YES;
				CLANG_WARN_CONSTANT_CONVERSION = YES;
				CLANG_WARN_DEPRECATED_OBJC_IMPLEMENTATIONS = YES;
				CLANG_WARN_DIRECT_OBJC_ISA_USAGE = YES_ERROR;
				CLANG_WARN_DOCUMENTATION_COMMENTS = YES;
				CLANG_WARN_EMPTY_BODY = YES;
				CLANG_WARN_ENUM_CONVERSION = YES;
				CLANG_WARN_INFINITE_RECURSION = YES;
				CLANG_WARN_INT_CONVERSION = YES;
				CLANG_WARN_NON_LITERAL_NULL_CONVERSION = YES;
				CLANG_WARN_OBJC_IMPLICIT_RETAIN_SELF = YES;
				CLANG_WARN_OBJC_LITERAL_CONVERSION = YES;
				CLANG_WARN_OBJC_ROOT_CLASS = YES_ERROR;
				CLANG_WARN_RANGE_LOOP_ANALYSIS = YES;
				CLANG_WARN_STRICT_PROTOTYPES = YES;
				CLANG_WARN_SUSPICIOUS_MOVE = YES;
				CLANG_WARN_UNGUARDED_AVAILABILITY = YES_AGGRESSIVE;
				CLANG_WARN_UNREACHABLE_CODE = YES;
				CLANG_WARN__DUPLICATE_METHOD_MATCH = YES;
				CODE_SIGN_IDENTITY = "-";
				COPY_PHASE_STRIP = NO;
				DEBUG_INFORMATION_FORMAT = "dwarf-with-dsym";
				ENABLE_NS_ASSERTIONS = NO;
				ENABLE_STRICT_OBJC_MSGSEND = YES;
				GCC_C_LANGUAGE_STANDARD = gnu11;
				GCC_NO_COMMON_BLOCKS = YES;
				GCC_WARN_64_TO_32_BIT_CONVERSION = YES;
				GCC_WARN_ABOUT_RETURN_TYPE = YES_ERROR;
				GCC_WARN_UNDECLARED_SELECTOR = YES;
				GCC_WARN_UNINITIALIZED_AUTOS = YES_AGGRESSIVE;
				GCC_WARN_UNUSED_FUNCTION = YES;
				GCC_WARN_UNUSED_VARIABLE = YES;
				MACOSX_DEPLOYMENT_TARGET = 10.13;
				MTL_ENABLE_DEBUG_INFO = NO;
				SDKROOT = macosx;
			};
			name = Release;
		};
		A95CAC1F20A6799700F01C5F /* Debug */ = {
			isa = XCBuildConfiguration;
			buildSettings = {
				CODE_SIGN_STYLE = Automatic;
				PRODUCT_NAME = "$(TARGET_NAME)";
			};
			name = Debug;
		};
		A95CAC2020A6799700F01C5F /* Release */ = {
			isa = XCBuildConfiguration;
			buildSettings = {
				CODE_SIGN_STYLE = Automatic;
				PRODUCT_NAME = "$(TARGET_NAME)";
			};
			name = Release;
		};
/* End XCBuildConfiguration section */

/* Begin XCConfigurationList section */
		A95CAC1220A6799700F01C5F /* Build configuration list for PBXProject "EWeek3" */ = {
			isa = XCConfigurationList;
			buildConfigurations = (
				A95CAC1C20A6799700F01C5F /* Debug */,
				A95CAC1D20A6799700F01C5F /* Release */,
			);
			defaultConfigurationIsVisible = 0;
			defaultConfigurationName = Release;
		};
		A95CAC1E20A6799700F01C5F /* Build configuration list for PBXNativeTarget "EWeek3" */ = {
			isa = XCConfigurationList;
			buildConfigurations = (
				A95CAC1F20A6799700F01C5F /* Debug */,
				A95CAC2020A6799700F01C5F /* Release */,
			);
			defaultConfigurationIsVisible = 0;
			defaultConfigurationName = Release;
		};
/* End XCConfigurationList section */
	};
	rootObject = A95CAC0F20A6799700F01C5F /* Project object */;
}
