
Microsoft Visual Studio Solution File, Format Version 12.00
# Visual Studio 15
VisualStudioVersion = 15.0.27130.2010
MinimumVisualStudioVersion = 10.0.40219.1
Project("{8BC9CEB8-8B4A-11D0-8D11-00A0C91BC942}") = "Assignment2Solution", "Assignment2Solution.vcxproj", "{821AF351-895D-4D85-94C0-E7E3CB229DB7}"
EndProject
Global
	GlobalSection(SolutionConfigurationPlatforms) = preSolution
		Debug|x86 = Debug|x86
		Release|x86 = Release|x86
	EndGlobalSection
	GlobalSection(ProjectConfigurationPlatforms) = postSolution
		{821AF351-895D-4D85-94C0-E7E3CB229DB7}.Debug|x86.ActiveCfg = Debug|Win32
		{821AF351-895D-4D85-94C0-E7E3CB229DB7}.Debug|x86.Build.0 = Debug|Win32
		{821AF351-895D-4D85-94C0-E7E3CB229DB7}.Release|x86.ActiveCfg = Release|Win32
		{821AF351-895D-4D85-94C0-E7E3CB229DB7}.Release|x86.Build.0 = Release|Win32
	EndGlobalSection
	GlobalSection(SolutionProperties) = preSolution
		HideSolutionNode = FALSE
	EndGlobalSection
	GlobalSection(ExtensibilityGlobals) = postSolution
		SolutionGuid = {6C46C7AD-3D56-412D-90B6-89FA2087258E}
	EndGlobalSection
EndGlobal
