// !$*UTF8*$!
{
	archiveVersion = 1;
	classes = {
	};
	objectVersion = 50;
	objects = {

/* Begin PBXBuildFile section */
		A9D37AA320DC399F002B2D4D /* TestResult.cpp in Sources */ = {isa = PBXBuildFile; fileRef = A9D37A9820DC399E002B2D4D /* TestResult.cpp */; };
		A9D37AA420DC399F002B2D4D /* Test.cpp in Sources */ = {isa = PBXBuildFile; fileRef = A9D37A9920DC399E002B2D4D /* Test.cpp */; };
		A9D37AA520DC399F002B2D4D /* TestRegistry.cpp in Sources */ = {isa = PBXBuildFile; fileRef = A9D37A9B20DC399E002B2D4D /* TestRegistry.cpp */; };
		A9D37AA720DC399F002B2D4D /* Failure.cpp in Sources */ = {isa = PBXBuildFile; fileRef = A9D37AA020DC399F002B2D4D /* Failure.cpp */; };
		A9D37AB120DC3D8C002B2D4D /* Main.cpp in Sources */ = {isa = PBXBuildFile; fileRef = A9D37AB020DC3D8C002B2D4D /* Main.cpp */; };
		A9D37AB320DC3E06002B2D4D /* QueueTest.cpp in Sources */ = {isa = PBXBuildFile; fileRef = A9D37AB220DC3E06002B2D4D /* QueueTest.cpp */; };
/* End PBXBuildFile section */

/* Begin PBXCopyFilesBuildPhase section */
		A9D37A8B20DC3960002B2D4D /* CopyFiles */ = {
			isa = PBXCopyFilesBuildPhase;
			buildActionMask = 2147483647;
			dstPath = /usr/share/man/man1/;
			dstSubfolderSpec = 0;
			files = (
			);
			runOnlyForDeploymentPostprocessing = 1;
		};
/* End PBXCopyFilesBuildPhase section */

/* Begin PBXFileReference section */
		A9D37A8D20DC3960002B2D4D /* EWeek6 */ = {isa = PBXFileReference; explicitFileType = "compiled.mach-o.executable"; includeInIndex = 0; path = EWeek6; sourceTree = BUILT_PRODUCTS_DIR; };
		A9D37A9720DC399E002B2D4D /* TestRegistry.h */ = {isa = PBXFileReference; fileEncoding = 4; lastKnownFileType = sourcecode.c.h; path = TestRegistry.h; sourceTree = "<group>"; };
		A9D37A9820DC399E002B2D4D /* TestResult.cpp */ = {isa = PBXFileReference; fileEncoding = 4; lastKnownFileType = sourcecode.cpp.cpp; path = TestResult.cpp; sourceTree = "<group>"; };
		A9D37A9920DC399E002B2D4D /* Test.cpp */ = {isa = PBXFileReference; fileEncoding = 4; lastKnownFileType = sourcecode.cpp.cpp; path = Test.cpp; sourceTree = "<group>"; };
		A9D37A9A20DC399E002B2D4D /* TestHarness.h */ = {isa = PBXFileReference; fileEncoding = 4; lastKnownFileType = sourcecode.c.h; path = TestHarness.h; sourceTree = "<group>"; };
		A9D37A9B20DC399E002B2D4D /* TestRegistry.cpp */ = {isa = PBXFileReference; fileEncoding = 4; lastKnownFileType = sourcecode.cpp.cpp; path = TestRegistry.cpp; sourceTree = "<group>"; };
		A9D37A9D20DC399E002B2D4D /* Test.h */ = {isa = PBXFileReference; fileEncoding = 4; lastKnownFileType = sourcecode.c.h; path = Test.h; sourceTree = "<group>"; };
		A9D37A9E20DC399E002B2D4D /* TestResult.h */ = {isa = PBXFileReference; fileEncoding = 4; lastKnownFileType = sourcecode.c.h; path = TestResult.h; sourceTree = "<group>"; };
		A9D37AA020DC399F002B2D4D /* Failure.cpp */ = {isa = PBXFileReference; fileEncoding = 4; lastKnownFileType = sourcecode.cpp.cpp; path = Failure.cpp; sourceTree = "<group>"; };
		A9D37AA120DC399F002B2D4D /* Failure.h */ = {isa = PBXFileReference; fileEncoding = 4; lastKnownFileType = sourcecode.c.h; path = Failure.h; sourceTree = "<group>"; };
		A9D37AA920DC3D67002B2D4D /* Queue.h */ = {isa = PBXFileReference; fileEncoding = 4; lastKnownFileType = sourcecode.c.h; path = Queue.h; sourceTree = "<group>"; };
		A9D37AAA20DC3D67002B2D4D /* QueueBase.h */ = {isa = PBXFileReference; fileEncoding = 4; lastKnownFileType = sourcecode.c.h; path = QueueBase.h; sourceTree = "<group>"; };
		A9D37AAB20DC3D67002B2D4D /* Exceptions.h */ = {isa = PBXFileReference; fileEncoding = 4; lastKnownFileType = sourcecode.c.h; path = Exceptions.h; sourceTree = "<group>"; };
		A9D37AB020DC3D8C002B2D4D /* Main.cpp */ = {isa = PBXFileReference; fileEncoding = 4; lastKnownFileType = sourcecode.cpp.cpp; path = Main.cpp; sourceTree = "<group>"; };
		A9D37AB220DC3E06002B2D4D /* QueueTest.cpp */ = {isa = PBXFileReference; lastKnownFileType = sourcecode.cpp.cpp; path = QueueTest.cpp; sourceTree = "<group>"; };
/* End PBXFileReference section */

/* Begin PBXFrameworksBuildPhase section */
		A9D37A8A20DC3960002B2D4D /* Frameworks */ = {
			isa = PBXFrameworksBuildPhase;
			buildActionMask = 2147483647;
			files = (
			);
			runOnlyForDeploymentPostprocessing = 0;
		};
/* End PBXFrameworksBuildPhase section */

/* Begin PBXGroup section */
		A9D37A8420DC395F002B2D4D = {
			isa = PBXGroup;
			children = (
				A9D37A8F20DC3960002B2D4D /* EWeek6 */,
				A9D37A8E20DC3960002B2D4D /* Products */,
			);
			sourceTree = "<group>";
		};
		A9D37A8E20DC3960002B2D4D /* Products */ = {
			isa = PBXGroup;
			children = (
				A9D37A8D20DC3960002B2D4D /* EWeek6 */,
			);
			name = Products;
			sourceTree = "<group>";
		};
		A9D37A8F20DC3960002B2D4D /* EWeek6 */ = {
			isa = PBXGroup;
			children = (
				A9D37AB220DC3E06002B2D4D /* QueueTest.cpp */,
				A9D37AB020DC3D8C002B2D4D /* Main.cpp */,
				A9D37AAB20DC3D67002B2D4D /* Exceptions.h */,
				A9D37AA920DC3D67002B2D4D /* Queue.h */,
				A9D37AAA20DC3D67002B2D4D /* QueueBase.h */,
				A9D37AA020DC399F002B2D4D /* Failure.cpp */,
				A9D37AA120DC399F002B2D4D /* Failure.h */,
				A9D37A9920DC399E002B2D4D /* Test.cpp */,
				A9D37A9D20DC399E002B2D4D /* Test.h */,
				A9D37A9A20DC399E002B2D4D /* TestHarness.h */,
				A9D37A9B20DC399E002B2D4D /* TestRegistry.cpp */,
				A9D37A9720DC399E002B2D4D /* TestRegistry.h */,
				A9D37A9820DC399E002B2D4D /* TestResult.cpp */,
				A9D37A9E20DC399E002B2D4D /* TestResult.h */,
			);
			path = EWeek6;
			sourceTree = "<group>";
		};
/* End PBXGroup section */

/* Begin PBXNativeTarget section */
		A9D37A8C20DC3960002B2D4D /* EWeek6 */ = {
			isa = PBXNativeTarget;
			buildConfigurationList = A9D37A9420DC3960002B2D4D /* Build configuration list for PBXNativeTarget "EWeek6" */;
			buildPhases = (
				A9D37A8920DC3960002B2D4D /* Sources */,
				A9D37A8A20DC3960002B2D4D /* Frameworks */,
				A9D37A8B20DC3960002B2D4D /* CopyFiles */,
			);
			buildRules = (
			);
			dependencies = (
			);
			name = EWeek6;
			productName = EWeek6;
			productReference = A9D37A8D20DC3960002B2D4D /* EWeek6 */;
			productType = "com.apple.product-type.tool";
		};
/* End PBXNativeTarget section */

/* Begin PBXProject section */
		A9D37A8520DC395F002B2D4D /* Project object */ = {
			isa = PBXProject;
			attributes = {
				LastUpgradeCheck = 0940;
				ORGANIZATIONNAME = "Clayton Wong";
				TargetAttributes = {
					A9D37A8C20DC3960002B2D4D = {
						CreatedOnToolsVersion = 9.4.1;
					};
				};
			};
			buildConfigurationList = A9D37A8820DC395F002B2D4D /* Build configuration list for PBXProject "EWeek6" */;
			compatibilityVersion = "Xcode 9.3";
			developmentRegion = en;
			hasScannedForEncodings = 0;
			knownRegions = (
				en,
			);
			mainGroup = A9D37A8420DC395F002B2D4D;
			productRefGroup = A9D37A8E20DC3960002B2D4D /* Products */;
			projectDirPath = "";
			projectRoot = "";
			targets = (
				A9D37A8C20DC3960002B2D4D /* EWeek6 */,
			);
		};
/* End PBXProject section */

/* Begin PBXSourcesBuildPhase section */
		A9D37A8920DC3960002B2D4D /* Sources */ = {
			isa = PBXSourcesBuildPhase;
			buildActionMask = 2147483647;
			files = (
				A9D37AA320DC399F002B2D4D /* TestResult.cpp in Sources */,
				A9D37AB320DC3E06002B2D4D /* QueueTest.cpp in Sources */,
				A9D37AB120DC3D8C002B2D4D /* Main.cpp in Sources */,
				A9D37AA420DC399F002B2D4D /* Test.cpp in Sources */,
				A9D37AA720DC399F002B2D4D /* Failure.cpp in Sources */,
				A9D37AA520DC399F002B2D4D /* TestRegistry.cpp in Sources */,
			);
			runOnlyForDeploymentPostprocessing = 0;
		};
/* End PBXSourcesBuildPhase section */

/* Begin XCBuildConfiguration section */
		A9D37A9220DC3960002B2D4D /* Debug */ = {
			isa = XCBuildConfiguration;
			buildSettings = {
				ALWAYS_SEARCH_USER_PATHS = NO;
				CLANG_ANALYZER_NONNULL = YES;
				CLANG_ANALYZER_NUMBER_OBJECT_CONVERSION = YES_AGGRESSIVE;
				CLANG_CXX_LANGUAGE_STANDARD = "gnu++14";
				CLANG_CXX_LIBRARY = "libc++";
				CLANG_ENABLE_MODULES = YES;
				CLANG_ENABLE_OBJC_ARC = YES;
				CLANG_ENABLE_OBJC_WEAK = YES;
				CLANG_WARN_BLOCK_CAPTURE_AUTORELEASING = YES;
				CLANG_WARN_BOOL_CONVERSION = YES;
				CLANG_WARN_COMMA = YES;
				CLANG_WARN_CONSTANT_CONVERSION = YES;
				CLANG_WARN_DEPRECATED_OBJC_IMPLEMENTATIONS = YES;
				CLANG_WARN_DIRECT_OBJC_ISA_USAGE = YES_ERROR;
				CLANG_WARN_DOCUMENTATION_COMMENTS = YES;
				CLANG_WARN_EMPTY_BODY = YES;
				CLANG_WARN_ENUM_CONVERSION = YES;
				CLANG_WARN_INFINITE_RECURSION = YES;
				CLANG_WARN_INT_CONVERSION = YES;
				CLANG_WARN_NON_LITERAL_NULL_CONVERSION = YES;
				CLANG_WARN_OBJC_IMPLICIT_RETAIN_SELF = YES;
				CLANG_WARN_OBJC_LITERAL_CONVERSION = YES;
				CLANG_WARN_OBJC_ROOT_CLASS = YES_ERROR;
				CLANG_WARN_RANGE_LOOP_ANALYSIS = YES;
				CLANG_WARN_STRICT_PROTOTYPES = YES;
				CLANG_WARN_SUSPICIOUS_MOVE = YES;
				CLANG_WARN_UNGUARDED_AVAILABILITY = YES_AGGRESSIVE;
				CLANG_WARN_UNREACHABLE_CODE = YES;
				CLANG_WARN__DUPLICATE_METHOD_MATCH = YES;
				CODE_SIGN_IDENTITY = "-";
				COPY_PHASE_STRIP = NO;
				DEBUG_INFORMATION_FORMAT = dwarf;
				ENABLE_STRICT_OBJC_MSGSEND = YES;
				ENABLE_TESTABILITY = YES;
				GCC_C_LANGUAGE_STANDARD = gnu11;
				GCC_DYNAMIC_NO_PIC = NO;
				GCC_NO_COMMON_BLOCKS = YES;
				GCC_OPTIMIZATION_LEVEL = 0;
				GCC_PREPROCESSOR_DEFINITIONS = (
					"DEBUG=1",
					"$(inherited)",
				);
				GCC_WARN_64_TO_32_BIT_CONVERSION = YES;
				GCC_WARN_ABOUT_RETURN_TYPE = YES_ERROR;
				GCC_WARN_UNDECLARED_SELECTOR = YES;
				GCC_WARN_UNINITIALIZED_AUTOS = YES_AGGRESSIVE;
				GCC_WARN_UNUSED_FUNCTION = YES;
				GCC_WARN_UNUSED_VARIABLE = YES;
				MACOSX_DEPLOYMENT_TARGET = 10.13;
				MTL_ENABLE_DEBUG_INFO = YES;
				ONLY_ACTIVE_ARCH = YES;
				SDKROOT = macosx;
			};
			name = Debug;
		};
		A9D37A9320DC3960002B2D4D /* Release */ = {
			isa = XCBuildConfiguration;
			buildSettings = {
				ALWAYS_SEARCH_USER_PATHS = NO;
				CLANG_ANALYZER_NONNULL = YES;
				CLANG_ANALYZER_NUMBER_OBJECT_CONVERSION = YES_AGGRESSIVE;
				CLANG_CXX_LANGUAGE_STANDARD = "gnu++14";
				CLANG_CXX_LIBRARY = "libc++";
				CLANG_ENABLE_MODULES = YES;
				CLANG_ENABLE_OBJC_ARC = YES;
				CLANG_ENABLE_OBJC_WEAK = YES;
				CLANG_WARN_BLOCK_CAPTURE_AUTORELEASING = YES;
				CLANG_WARN_BOOL_CONVERSION = YES;
				CLANG_WARN_COMMA = YES;
				CLANG_WARN_CONSTANT_CONVERSION = YES;
				CLANG_WARN_DEPRECATED_OBJC_IMPLEMENTATIONS = YES;
				CLANG_WARN_DIRECT_OBJC_ISA_USAGE = YES_ERROR;
				CLANG_WARN_DOCUMENTATION_COMMENTS = YES;
				CLANG_WARN_EMPTY_BODY = YES;
				CLANG_WARN_ENUM_CONVERSION = YES;
				CLANG_WARN_INFINITE_RECURSION = YES;
				CLANG_WARN_INT_CONVERSION = YES;
				CLANG_WARN_NON_LITERAL_NULL_CONVERSION = YES;
				CLANG_WARN_OBJC_IMPLICIT_RETAIN_SELF = YES;
				CLANG_WARN_OBJC_LITERAL_CONVERSION = YES;
				CLANG_WARN_OBJC_ROOT_CLASS = YES_ERROR;
				CLANG_WARN_RANGE_LOOP_ANALYSIS = YES;
				CLANG_WARN_STRICT_PROTOTYPES = YES;
				CLANG_WARN_SUSPICIOUS_MOVE = YES;
				CLANG_WARN_UNGUARDED_AVAILABILITY = YES_AGGRESSIVE;
				CLANG_WARN_UNREACHABLE_CODE = YES;
				CLANG_WARN__DUPLICATE_METHOD_MATCH = YES;
				CODE_SIGN_IDENTITY = "-";
				COPY_PHASE_STRIP = NO;
				DEBUG_INFORMATION_FORMAT = "dwarf-with-dsym";
				ENABLE_NS_ASSERTIONS = NO;
				ENABLE_STRICT_OBJC_MSGSEND = YES;
				GCC_C_LANGUAGE_STANDARD = gnu11;
				GCC_NO_COMMON_BLOCKS = YES;
				GCC_WARN_64_TO_32_BIT_CONVERSION = YES;
				GCC_WARN_ABOUT_RETURN_TYPE = YES_ERROR;
				GCC_WARN_UNDECLARED_SELECTOR = YES;
				GCC_WARN_UNINITIALIZED_AUTOS = YES_AGGRESSIVE;
				GCC_WARN_UNUSED_FUNCTION = YES;
				GCC_WARN_UNUSED_VARIABLE = YES;
				MACOSX_DEPLOYMENT_TARGET = 10.13;
				MTL_ENABLE_DEBUG_INFO = NO;
				SDKROOT = macosx;
			};
			name = Release;
		};
		A9D37A9520DC3960002B2D4D /* Debug */ = {
			isa = XCBuildConfiguration;
			buildSettings = {
				CODE_SIGN_STYLE = Automatic;
				PRODUCT_NAME = "$(TARGET_NAME)";
			};
			name = Debug;
		};
		A9D37A9620DC3960002B2D4D /* Release */ = {
			isa = XCBuildConfiguration;
			buildSettings = {
				CODE_SIGN_STYLE = Automatic;
				PRODUCT_NAME = "$(TARGET_NAME)";
			};
			name = Release;
		};
/* End XCBuildConfiguration section */

/* Begin XCConfigurationList section */
		A9D37A8820DC395F002B2D4D /* Build configuration list for PBXProject "EWeek6" */ = {
			isa = XCConfigurationList;
			buildConfigurations = (
				A9D37A9220DC3960002B2D4D /* Debug */,
				A9D37A9320DC3960002B2D4D /* Release */,
			);
			defaultConfigurationIsVisible = 0;
			defaultConfigurationName = Release;
		};
		A9D37A9420DC3960002B2D4D /* Build configuration list for PBXNativeTarget "EWeek6" */ = {
			isa = XCConfigurationList;
			buildConfigurations = (
				A9D37A9520DC3960002B2D4D /* Debug */,
				A9D37A9620DC3960002B2D4D /* Release */,
			);
			defaultConfigurationIsVisible = 0;
			defaultConfigurationName = Release;
		};
/* End XCConfigurationList section */
	};
	rootObject = A9D37A8520DC395F002B2D4D /* Project object */;
}
