<?xml version="1.0" encoding="utf-8"?>
<Project ToolsVersion="4.0" xmlns="http://schemas.microsoft.com/developer/msbuild/2003">
  <ItemGroup>
    <Filter Include="Source Files">
      <UniqueIdentifier>{4FC737F1-C7A5-4376-A066-2A32D752A2FF}</UniqueIdentifier>
      <Extensions>cpp;c;cc;cxx;def;odl;idl;hpj;bat;asm;asmx</Extensions>
    </Filter>
    <Filter Include="Header Files">
      <UniqueIdentifier>{93995380-89BD-4b04-88EB-625FBE52EBFB}</UniqueIdentifier>
      <Extensions>h;hh;hpp;hxx;hm;inl;inc;ipp;xsd</Extensions>
    </Filter>
    <Filter Include="Resource Files">
      <UniqueIdentifier>{67DA6AB6-F800-4c08-8B7A-83BB121AAD01}</UniqueIdentifier>
      <Extensions>rc;ico;cur;bmp;dlg;rc2;rct;bin;rgs;gif;jpg;jpeg;jpe;resx;tiff;tif;png;wav;mfcribbon-ms</Extensions>
    </Filter>
    <Filter Include="TinyXml">
      <UniqueIdentifier>{a19a8668-5d1b-44b0-9678-932c0e536ca4}</UniqueIdentifier>
    </Filter>
  </ItemGroup>
  <ItemGroup>
    <ClCompile Include="Element.cpp">
      <Filter>Source Files</Filter>
    </ClCompile>
    <ClCompile Include="Layer.cpp">
      <Filter>Source Files</Filter>
    </ClCompile>
    <ClCompile Include="LayerTest.cpp">
      <Filter>Source Files</Filter>
    </ClCompile>
    <ClCompile Include="Main.cpp">
      <Filter>Source Files</Filter>
    </ClCompile>
    <ClCompile Include="Parse.cpp">
      <Filter>Source Files</Filter>
    </ClCompile>
    <ClCompile Include="ParseTest.cpp">
      <Filter>Source Files</Filter>
    </ClCompile>
    <ClCompile Include="PlacedGraphic.cpp">
      <Filter>Source Files</Filter>
    </ClCompile>
    <ClCompile Include="PlacedGraphicTest.cpp">
      <Filter>Source Files</Filter>
    </ClCompile>
    <ClCompile Include="Point.cpp">
      <Filter>Source Files</Filter>
    </ClCompile>
    <ClCompile Include="PointTest.cpp">
      <Filter>Source Files</Filter>
    </ClCompile>
    <ClCompile Include="Scene.cpp">
      <Filter>Source Files</Filter>
    </ClCompile>
    <ClCompile Include="SceneReader.cpp">
      <Filter>Source Files</Filter>
    </ClCompile>
    <ClCompile Include="SceneReaderTest.cpp">
      <Filter>Source Files</Filter>
    </ClCompile>
    <ClCompile Include="SceneTest.cpp">
      <Filter>Source Files</Filter>
    </ClCompile>
    <ClCompile Include="SceneWriter.cpp">
      <Filter>Source Files</Filter>
    </ClCompile>
    <ClCompile Include="SceneWriterTest.cpp">
      <Filter>Source Files</Filter>
    </ClCompile>
    <ClCompile Include="VectorGraphic.cpp">
      <Filter>Source Files</Filter>
    </ClCompile>
    <ClCompile Include="VectorGraphicTest.cpp">
      <Filter>Source Files</Filter>
    </ClCompile>
    <ClCompile Include="XmlReader.cpp">
      <Filter>Source Files</Filter>
    </ClCompile>
    <ClCompile Include="XmlReaderTest.cpp">
      <Filter>Source Files</Filter>
    </ClCompile>
    <ClCompile Include="XmlWriter.cpp">
      <Filter>Source Files</Filter>
    </ClCompile>
    <ClCompile Include="XmlWriterTest.cpp">
      <Filter>Source Files</Filter>
    </ClCompile>
    <ClCompile Include="tinyxml2.cpp">
      <Filter>TinyXml</Filter>
    </ClCompile>
    <ClCompile Include="XmlFactories.cpp">
      <Filter>Source Files</Filter>
    </ClCompile>
  </ItemGroup>
  <ItemGroup>
    <ClInclude Include="Element.h">
      <Filter>Header Files</Filter>
    </ClInclude>
    <ClInclude Include="Layer.h">
      <Filter>Header Files</Filter>
    </ClInclude>
    <ClInclude Include="Parse.h">
      <Filter>Header Files</Filter>
    </ClInclude>
    <ClInclude Include="PlacedGraphic.h">
      <Filter>Header Files</Filter>
    </ClInclude>
    <ClInclude Include="Point.h">
      <Filter>Header Files</Filter>
    </ClInclude>
    <ClInclude Include="Scene.h">
      <Filter>Header Files</Filter>
    </ClInclude>
    <ClInclude Include="SceneReader.h">
      <Filter>Header Files</Filter>
    </ClInclude>
    <ClInclude Include="SceneWriter.h">
      <Filter>Header Files</Filter>
    </ClInclude>
    <ClInclude Include="VectorGraphic.h">
      <Filter>Header Files</Filter>
    </ClInclude>
    <ClInclude Include="VectorGraphicStreamer.h">
      <Filter>Header Files</Filter>
    </ClInclude>
    <ClInclude Include="XmlReader.h">
      <Filter>Header Files</Filter>
    </ClInclude>
    <ClInclude Include="XmlWriter.h">
      <Filter>Header Files</Filter>
    </ClInclude>
    <ClInclude Include="tinyxml2.h">
      <Filter>TinyXml</Filter>
    </ClInclude>
    <ClInclude Include="XmlInterfaces.h">
      <Filter>Header Files</Filter>
    </ClInclude>
    <ClInclude Include="XmlFactories.h">
      <Filter>Header Files</Filter>
    </ClInclude>
  </ItemGroup>
</Project>